{
  "originHash" : "ba0029a4fe27c992e6c638412bbce9a30ffd8329a2a664e92429904d78902afc",
  "pins" : [
    {
      "identity" : "difference",
      "kind" : "remoteSourceControl",
      "location" : "https://github.com/krzysztofzablocki/Difference.git",
      "state" : {
        "revision" : "f627d00718033c3d7888acd5f4e3524a843db1cf",
        "version" : "1.0.2"
      }
    },
    {
      "identity" : "dswaveformimage",
      "kind" : "remoteSourceControl",
      "location" : "https://github.com/dmrschmidt/DSWaveformImage",
      "state" : {
        "revision" : "4c56578ee10128ee2b2c04c9c5aa73812de722db",
        "version" : "14.2.2"
      }
    },
    {
      "identity" : "snapkit",
      "kind" : "remoteSourceControl",
      "location" : "https://github.com/SnapKit/SnapKit.git",
      "state" : {
        "revision" : "2842e6e84e82eb9a8dac0100ca90d9444b0307f4",
        "version" : "5.7.1"
      }
    }
  ],
  "version" : 3
}
