// !$*UTF8*$!
{
	archiveVersion = 1;
	classes = {
	};
	objectVersion = 55;
	objects = {

/* Begin PBXBuildFile section */
		182B1E0B75DD00AE6222B8BF /* Pods_Subtitler.framework in Frameworks */ = {isa = PBXBuildFile; fileRef = 3CC3EA7F2C4BAAEC92241D3B /* Pods_Subtitler.framework */; };
		9725B3F9270285C3006A140B /* AppDelegate.swift in Sources */ = {isa = PBXBuildFile; fileRef = 9725B3F8270285C3006A140B /* AppDelegate.swift */; };
		9725B3FB270285C3006A140B /* ViewController.swift in Sources */ = {isa = PBXBuildFile; fileRef = 9725B3FA270285C3006A140B /* ViewController.swift */; };
		9725B3FD270285C6006A140B /* Assets.xcassets in Resources */ = {isa = PBXBuildFile; fileRef = 9725B3FC270285C6006A140B /* Assets.xcassets */; };
		9725B400270285C6006A140B /* Main.storyboard in Resources */ = {isa = PBXBuildFile; fileRef = 9725B3FE270285C6006A140B /* Main.storyboard */; };
		9725B40827028E3B006A140B /* Subtitle.swift in Sources */ = {isa = PBXBuildFile; fileRef = 9725B40727028E3B006A140B /* Subtitle.swift */; };
		9725B40D27029224006A140B /* NSTableView+SY.swift in Sources */ = {isa = PBXBuildFile; fileRef = 9725B40C27029224006A140B /* NSTableView+SY.swift */; };
		977573EE2702AB6A0037AECD /* TimingButton.swift in Sources */ = {isa = PBXBuildFile; fileRef = 977573ED2702AB6A0037AECD /* TimingButton.swift */; };
/* End PBXBuildFile section */

/* Begin PBXFileReference section */
		3CC3EA7F2C4BAAEC92241D3B /* Pods_Subtitler.framework */ = {isa = PBXFileReference; explicitFileType = wrapper.framework; includeInIndex = 0; path = Pods_Subtitler.framework; sourceTree = BUILT_PRODUCTS_DIR; };
		9725B3F5270285C3006A140B /* Subtitler.app */ = {isa = PBXFileReference; explicitFileType = wrapper.application; includeInIndex = 0; path = Subtitler.app; sourceTree = BUILT_PRODUCTS_DIR; };
		9725B3F8270285C3006A140B /* AppDelegate.swift */ = {isa = PBXFileReference; lastKnownFileType = sourcecode.swift; path = AppDelegate.swift; sourceTree = "<group>"; };
		9725B3FA270285C3006A140B /* ViewController.swift */ = {isa = PBXFileReference; lastKnownFileType = sourcecode.swift; path = ViewController.swift; sourceTree = "<group>"; };
		9725B3FC270285C6006A140B /* Assets.xcassets */ = {isa = PBXFileReference; lastKnownFileType = folder.assetcatalog; path = Assets.xcassets; sourceTree = "<group>"; };
		9725B3FF270285C6006A140B /* Base */ = {isa = PBXFileReference; lastKnownFileType = file.storyboard; name = Base; path = Base.lproj/Main.storyboard; sourceTree = "<group>"; };
		9725B401270285C6006A140B /* Subtitler.entitlements */ = {isa = PBXFileReference; lastKnownFileType = text.plist.entitlements; path = Subtitler.entitlements; sourceTree = "<group>"; };
		9725B40727028E3B006A140B /* Subtitle.swift */ = {isa = PBXFileReference; lastKnownFileType = sourcecode.swift; path = Subtitle.swift; sourceTree = "<group>"; };
		9725B40C27029224006A140B /* NSTableView+SY.swift */ = {isa = PBXFileReference; lastKnownFileType = sourcecode.swift; path = "NSTableView+SY.swift"; sourceTree = "<group>"; };
		977573ED2702AB6A0037AECD /* TimingButton.swift */ = {isa = PBXFileReference; lastKnownFileType = sourcecode.swift; path = TimingButton.swift; sourceTree = "<group>"; };
		CAFE530D8D64024133133648 /* Pods-Subtitler.release.xcconfig */ = {isa = PBXFileReference; includeInIndex = 1; lastKnownFileType = text.xcconfig; name = "Pods-Subtitler.release.xcconfig"; path = "Target Support Files/Pods-Subtitler/Pods-Subtitler.release.xcconfig"; sourceTree = "<group>"; };
		E414C4B023A785FA42073476 /* Pods-Subtitler.debug.xcconfig */ = {isa = PBXFileReference; includeInIndex = 1; lastKnownFileType = text.xcconfig; name = "Pods-Subtitler.debug.xcconfig"; path = "Target Support Files/Pods-Subtitler/Pods-Subtitler.debug.xcconfig"; sourceTree = "<group>"; };
/* End PBXFileReference section */

/* Begin PBXFrameworksBuildPhase section */
		9725B3F2270285C3006A140B /* Frameworks */ = {
			isa = PBXFrameworksBuildPhase;
			buildActionMask = 2147483647;
			files = (
				182B1E0B75DD00AE6222B8BF /* Pods_Subtitler.framework in Frameworks */,
			);
			runOnlyForDeploymentPostprocessing = 0;
		};
/* End PBXFrameworksBuildPhase section */

/* Begin PBXGroup section */
		2595D3CA1DF76D61FD841E40 /* Pods */ = {
			isa = PBXGroup;
			children = (
				E414C4B023A785FA42073476 /* Pods-Subtitler.debug.xcconfig */,
				CAFE530D8D64024133133648 /* Pods-Subtitler.release.xcconfig */,
			);
			path = Pods;
			sourceTree = "<group>";
		};
		8778D8AB4587D7F689A8511D /* Frameworks */ = {
			isa = PBXGroup;
			children = (
				3CC3EA7F2C4BAAEC92241D3B /* Pods_Subtitler.framework */,
			);
			name = Frameworks;
			sourceTree = "<group>";
		};
		9725B3EC270285C3006A140B = {
			isa = PBXGroup;
			children = (
				9725B3F7270285C3006A140B /* Subtitler */,
				9725B3F6270285C3006A140B /* Products */,
				2595D3CA1DF76D61FD841E40 /* Pods */,
				8778D8AB4587D7F689A8511D /* Frameworks */,
			);
			sourceTree = "<group>";
		};
		9725B3F6270285C3006A140B /* Products */ = {
			isa = PBXGroup;
			children = (
				9725B3F5270285C3006A140B /* Subtitler.app */,
			);
			name = Products;
			sourceTree = "<group>";
		};
		9725B3F7270285C3006A140B /* Subtitler */ = {
			isa = PBXGroup;
			children = (
				9725B40B27029218006A140B /* Extensions */,
				9725B40927028F94006A140B /* Models */,
				977573EA27029C380037AECD /* Views */,
				9725B40A27028F9E006A140B /* VCs */,
				9725B3F8270285C3006A140B /* AppDelegate.swift */,
				9725B3FC270285C6006A140B /* Assets.xcassets */,
				9725B3FE270285C6006A140B /* Main.storyboard */,
				9725B401270285C6006A140B /* Subtitler.entitlements */,
			);
			path = Subtitler;
			sourceTree = "<group>";
		};
		9725B40927028F94006A140B /* Models */ = {
			isa = PBXGroup;
			children = (
				9725B40727028E3B006A140B /* Subtitle.swift */,
			);
			path = Models;
			sourceTree = "<group>";
		};
		9725B40A27028F9E006A140B /* VCs */ = {
			isa = PBXGroup;
			children = (
				9725B3FA270285C3006A140B /* ViewController.swift */,
			);
			path = VCs;
			sourceTree = "<group>";
		};
		9725B40B27029218006A140B /* Extensions */ = {
			isa = PBXGroup;
			children = (
				9725B40C27029224006A140B /* NSTableView+SY.swift */,
			);
			path = Extensions;
			sourceTree = "<group>";
		};
		977573EA27029C380037AECD /* Views */ = {
			isa = PBXGroup;
			children = (
				977573ED2702AB6A0037AECD /* TimingButton.swift */,
			);
			path = Views;
			sourceTree = "<group>";
		};
/* End PBXGroup section */

/* Begin PBXNativeTarget section */
		9725B3F4270285C3006A140B /* Subtitler */ = {
			isa = PBXNativeTarget;
			buildConfigurationList = 9725B404270285C6006A140B /* Build configuration list for PBXNativeTarget "Subtitler" */;
			buildPhases = (
				977573EF2702B2670037AECD /* TODOs */,
				0446153D0D94E434893762F1 /* [CP] Check Pods Manifest.lock */,
				9725B3F1270285C3006A140B /* Sources */,
				9725B3F2270285C3006A140B /* Frameworks */,
				9725B3F3270285C3006A140B /* Resources */,
				15C9498C31FB68C7A0C14292 /* [CP] Embed Pods Frameworks */,
			);
			buildRules = (
			);
			dependencies = (
			);
			name = Subtitler;
			productName = Subtitler;
			productReference = 9725B3F5270285C3006A140B /* Subtitler.app */;
			productType = "com.apple.product-type.application";
		};
/* End PBXNativeTarget section */

/* Begin PBXProject section */
		9725B3ED270285C3006A140B /* Project object */ = {
			isa = PBXProject;
			attributes = {
				BuildIndependentTargetsInParallel = 1;
				LastSwiftUpdateCheck = 1300;
				LastUpgradeCheck = 1300;
				TargetAttributes = {
					9725B3F4270285C3006A140B = {
						CreatedOnToolsVersion = 13.0;
					};
				};
			};
			buildConfigurationList = 9725B3F0270285C3006A140B /* Build configuration list for PBXProject "Subtitler" */;
			compatibilityVersion = "Xcode 13.0";
			developmentRegion = en;
			hasScannedForEncodings = 0;
			knownRegions = (
				en,
				Base,
			);
			mainGroup = 9725B3EC270285C3006A140B;
			productRefGroup = 9725B3F6270285C3006A140B /* Products */;
			projectDirPath = "";
			projectRoot = "";
			targets = (
				9725B3F4270285C3006A140B /* Subtitler */,
			);
		};
/* End PBXProject section */

/* Begin PBXResourcesBuildPhase section */
		9725B3F3270285C3006A140B /* Resources */ = {
			isa = PBXResourcesBuildPhase;
			buildActionMask = 2147483647;
			files = (
				9725B3FD270285C6006A140B /* Assets.xcassets in Resources */,
				9725B400270285C6006A140B /* Main.storyboard in Resources */,
			);
			runOnlyForDeploymentPostprocessing = 0;
		};
/* End PBXResourcesBuildPhase section */

/* Begin PBXShellScriptBuildPhase section */
		0446153D0D94E434893762F1 /* [CP] Check Pods Manifest.lock */ = {
			isa = PBXShellScriptBuildPhase;
			buildActionMask = 2147483647;
			files = (
			);
			inputFileListPaths = (
			);
			inputPaths = (
				"${PODS_PODFILE_DIR_PATH}/Podfile.lock",
				"${PODS_ROOT}/Manifest.lock",
			);
			name = "[CP] Check Pods Manifest.lock";
			outputFileListPaths = (
			);
			outputPaths = (
				"$(DERIVED_FILE_DIR)/Pods-Subtitler-checkManifestLockResult.txt",
			);
			runOnlyForDeploymentPostprocessing = 0;
			shellPath = /bin/sh;
			shellScript = "diff \"${PODS_PODFILE_DIR_PATH}/Podfile.lock\" \"${PODS_ROOT}/Manifest.lock\" > /dev/null\nif [ $? != 0 ] ; then\n    # print error to STDERR\n    echo \"error: The sandbox is not in sync with the Podfile.lock. Run 'pod install' or update your CocoaPods installation.\" >&2\n    exit 1\nfi\n# This output is used by Xcode 'outputs' to avoid re-running this script phase.\necho \"SUCCESS\" > \"${SCRIPT_OUTPUT_FILE_0}\"\n";
			showEnvVarsInLog = 0;
		};
		15C9498C31FB68C7A0C14292 /* [CP] Embed Pods Frameworks */ = {
			isa = PBXShellScriptBuildPhase;
			buildActionMask = 2147483647;
			files = (
			);
			inputFileListPaths = (
				"${PODS_ROOT}/Target Support Files/Pods-Subtitler/Pods-Subtitler-frameworks-${CONFIGURATION}-input-files.xcfilelist",
			);
			name = "[CP] Embed Pods Frameworks";
			outputFileListPaths = (
				"${PODS_ROOT}/Target Support Files/Pods-Subtitler/Pods-Subtitler-frameworks-${CONFIGURATION}-output-files.xcfilelist",
			);
			runOnlyForDeploymentPostprocessing = 0;
			shellPath = /bin/sh;
			shellScript = "\"${PODS_ROOT}/Target Support Files/Pods-Subtitler/Pods-Subtitler-frameworks.sh\"\n";
			showEnvVarsInLog = 0;
		};
		977573EF2702B2670037AECD /* TODOs */ = {
			isa = PBXShellScriptBuildPhase;
			buildActionMask = 2147483647;
			files = (
			);
			inputFileListPaths = (
			);
			inputPaths = (
			);
			name = TODOs;
			outputFileListPaths = (
			);
			outputPaths = (
			);
			runOnlyForDeploymentPostprocessing = 0;
			shellPath = /bin/sh;
			shellScript = "# Type a script or drag a script file from your workspace to insert its path.\n\ndeclare -a TAGS=(\"TODO:\" \"FIXME:\" \"ASK:\" \"WAITING:\" \"LATER:\")\necho \"searching ${SRCROOT} for ${TAGS}\"\n\nfor TAG in ${TAGS[@]}; do\nfind \"${SRCROOT}/Subtitler\" \\( -name \"*.swift\" -or -name \"*.m\" -or -name \"*.m\" \\) -print0 | xargs -0 egrep --with-filename --line-number --only-matching \"($TAG).*\\$\" | perl -p -e \"s/($TAG)/ warning: \\$1/\"\ndone\n";
		};
/* End PBXShellScriptBuildPhase section */

/* Begin PBXSourcesBuildPhase section */
		9725B3F1270285C3006A140B /* Sources */ = {
			isa = PBXSourcesBuildPhase;
			buildActionMask = 2147483647;
			files = (
				9725B40827028E3B006A140B /* Subtitle.swift in Sources */,
				9725B3FB270285C3006A140B /* ViewController.swift in Sources */,
				9725B40D27029224006A140B /* NSTableView+SY.swift in Sources */,
				977573EE2702AB6A0037AECD /* TimingButton.swift in Sources */,
				9725B3F9270285C3006A140B /* AppDelegate.swift in Sources */,
			);
			runOnlyForDeploymentPostprocessing = 0;
		};
/* End PBXSourcesBuildPhase section */

/* Begin PBXVariantGroup section */
		9725B3FE270285C6006A140B /* Main.storyboard */ = {
			isa = PBXVariantGroup;
			children = (
				9725B3FF270285C6006A140B /* Base */,
			);
			name = Main.storyboard;
			sourceTree = "<group>";
		};
/* End PBXVariantGroup section */

/* Begin XCBuildConfiguration section */
		9725B402270285C6006A140B /* Debug */ = {
			isa = XCBuildConfiguration;
			buildSettings = {
				ALWAYS_SEARCH_USER_PATHS = NO;
				CLANG_ANALYZER_NONNULL = YES;
				CLANG_ANALYZER_NUMBER_OBJECT_CONVERSION = YES_AGGRESSIVE;
				CLANG_CXX_LANGUAGE_STANDARD = "gnu++17";
				CLANG_CXX_LIBRARY = "libc++";
				CLANG_ENABLE_MODULES = YES;
				CLANG_ENABLE_OBJC_ARC = YES;
				CLANG_ENABLE_OBJC_WEAK = YES;
				CLANG_WARN_BLOCK_CAPTURE_AUTORELEASING = YES;
				CLANG_WARN_BOOL_CONVERSION = YES;
				CLANG_WARN_COMMA = YES;
				CLANG_WARN_CONSTANT_CONVERSION = YES;
				CLANG_WARN_DEPRECATED_OBJC_IMPLEMENTATIONS = YES;
				CLANG_WARN_DIRECT_OBJC_ISA_USAGE = YES_ERROR;
				CLANG_WARN_DOCUMENTATION_COMMENTS = YES;
				CLANG_WARN_EMPTY_BODY = YES;
				CLANG_WARN_ENUM_CONVERSION = YES;
				CLANG_WARN_INFINITE_RECURSION = YES;
				CLANG_WARN_INT_CONVERSION = YES;
				CLANG_WARN_NON_LITERAL_NULL_CONVERSION = YES;
				CLANG_WARN_OBJC_IMPLICIT_RETAIN_SELF = YES;
				CLANG_WARN_OBJC_LITERAL_CONVERSION = YES;
				CLANG_WARN_OBJC_ROOT_CLASS = YES_ERROR;
				CLANG_WARN_QUOTED_INCLUDE_IN_FRAMEWORK_HEADER = YES;
				CLANG_WARN_RANGE_LOOP_ANALYSIS = YES;
				CLANG_WARN_STRICT_PROTOTYPES = YES;
				CLANG_WARN_SUSPICIOUS_MOVE = YES;
				CLANG_WARN_UNGUARDED_AVAILABILITY = YES_AGGRESSIVE;
				CLANG_WARN_UNREACHABLE_CODE = YES;
				CLANG_WARN__DUPLICATE_METHOD_MATCH = YES;
				COPY_PHASE_STRIP = NO;
				DEBUG_INFORMATION_FORMAT = dwarf;
				ENABLE_STRICT_OBJC_MSGSEND = YES;
				ENABLE_TESTABILITY = YES;
				GCC_C_LANGUAGE_STANDARD = gnu11;
				GCC_DYNAMIC_NO_PIC = NO;
				GCC_NO_COMMON_BLOCKS = YES;
				GCC_OPTIMIZATION_LEVEL = 0;
				GCC_PREPROCESSOR_DEFINITIONS = (
					"DEBUG=1",
					"$(inherited)",
				);
				GCC_WARN_64_TO_32_BIT_CONVERSION = YES;
				GCC_WARN_ABOUT_RETURN_TYPE = YES_ERROR;
				GCC_WARN_UNDECLARED_SELECTOR = YES;
				GCC_WARN_UNINITIALIZED_AUTOS = YES_AGGRESSIVE;
				GCC_WARN_UNUSED_FUNCTION = YES;
				GCC_WARN_UNUSED_VARIABLE = YES;
				MACOSX_DEPLOYMENT_TARGET = 10.13;
				MTL_ENABLE_DEBUG_INFO = INCLUDE_SOURCE;
				MTL_FAST_MATH = YES;
				ONLY_ACTIVE_ARCH = YES;
				SDKROOT = macosx;
				SWIFT_ACTIVE_COMPILATION_CONDITIONS = DEBUG;
				SWIFT_OPTIMIZATION_LEVEL = "-Onone";
			};
			name = Debug;
		};
		9725B403270285C6006A140B /* Release */ = {
			isa = XCBuildConfiguration;
			buildSettings = {
				ALWAYS_SEARCH_USER_PATHS = NO;
				CLANG_ANALYZER_NONNULL = YES;
				CLANG_ANALYZER_NUMBER_OBJECT_CONVERSION = YES_AGGRESSIVE;
				CLANG_CXX_LANGUAGE_STANDARD = "gnu++17";
				CLANG_CXX_LIBRARY = "libc++";
				CLANG_ENABLE_MODULES = YES;
				CLANG_ENABLE_OBJC_ARC = YES;
				CLANG_ENABLE_OBJC_WEAK = YES;
				CLANG_WARN_BLOCK_CAPTURE_AUTORELEASING = YES;
				CLANG_WARN_BOOL_CONVERSION = YES;
				CLANG_WARN_COMMA = YES;
				CLANG_WARN_CONSTANT_CONVERSION = YES;
				CLANG_WARN_DEPRECATED_OBJC_IMPLEMENTATIONS = YES;
				CLANG_WARN_DIRECT_OBJC_ISA_USAGE = YES_ERROR;
				CLANG_WARN_DOCUMENTATION_COMMENTS = YES;
				CLANG_WARN_EMPTY_BODY = YES;
				CLANG_WARN_ENUM_CONVERSION = YES;
				CLANG_WARN_INFINITE_RECURSION = YES;
				CLANG_WARN_INT_CONVERSION = YES;
				CLANG_WARN_NON_LITERAL_NULL_CONVERSION = YES;
				CLANG_WARN_OBJC_IMPLICIT_RETAIN_SELF = YES;
				CLANG_WARN_OBJC_LITERAL_CONVERSION = YES;
				CLANG_WARN_OBJC_ROOT_CLASS = YES_ERROR;
				CLANG_WARN_QUOTED_INCLUDE_IN_FRAMEWORK_HEADER = YES;
				CLANG_WARN_RANGE_LOOP_ANALYSIS = YES;
				CLANG_WARN_STRICT_PROTOTYPES = YES;
				CLANG_WARN_SUSPICIOUS_MOVE = YES;
				CLANG_WARN_UNGUARDED_AVAILABILITY = YES_AGGRESSIVE;
				CLANG_WARN_UNREACHABLE_CODE = YES;
				CLANG_WARN__DUPLICATE_METHOD_MATCH = YES;
				COPY_PHASE_STRIP = NO;
				DEBUG_INFORMATION_FORMAT = "dwarf-with-dsym";
				ENABLE_NS_ASSERTIONS = NO;
				ENABLE_STRICT_OBJC_MSGSEND = YES;
				GCC_C_LANGUAGE_STANDARD = gnu11;
				GCC_NO_COMMON_BLOCKS = YES;
				GCC_WARN_64_TO_32_BIT_CONVERSION = YES;
				GCC_WARN_ABOUT_RETURN_TYPE = YES_ERROR;
				GCC_WARN_UNDECLARED_SELECTOR = YES;
				GCC_WARN_UNINITIALIZED_AUTOS = YES_AGGRESSIVE;
				GCC_WARN_UNUSED_FUNCTION = YES;
				GCC_WARN_UNUSED_VARIABLE = YES;
				MACOSX_DEPLOYMENT_TARGET = 10.13;
				MTL_ENABLE_DEBUG_INFO = NO;
				MTL_FAST_MATH = YES;
				SDKROOT = macosx;
				SWIFT_COMPILATION_MODE = wholemodule;
				SWIFT_OPTIMIZATION_LEVEL = "-O";
			};
			name = Release;
		};
		9725B405270285C6006A140B /* Debug */ = {
			isa = XCBuildConfiguration;
			baseConfigurationReference = E414C4B023A785FA42073476 /* Pods-Subtitler.debug.xcconfig */;
			buildSettings = {
				ASSETCATALOG_COMPILER_APPICON_NAME = AppIcon;
				ASSETCATALOG_COMPILER_GLOBAL_ACCENT_COLOR_NAME = AccentColor;
				CODE_SIGN_ENTITLEMENTS = Subtitler/Subtitler.entitlements;
				CODE_SIGN_STYLE = Automatic;
				COMBINE_HIDPI_IMAGES = YES;
				CURRENT_PROJECT_VERSION = 1;
				DEVELOPMENT_TEAM = 79RY8264V4;
				ENABLE_HARDENED_RUNTIME = YES;
				GENERATE_INFOPLIST_FILE = YES;
				INFOPLIST_KEY_NSHumanReadableCopyright = "";
				INFOPLIST_KEY_NSMainStoryboardFile = Main;
				INFOPLIST_KEY_NSPrincipalClass = NSApplication;
				LD_RUNPATH_SEARCH_PATHS = (
					"$(inherited)",
					"@executable_path/../Frameworks",
				);
				MARKETING_VERSION = 1.0;
				PRODUCT_BUNDLE_IDENTIFIER = me.syan.Subtitler;
				PRODUCT_NAME = "$(TARGET_NAME)";
				SWIFT_EMIT_LOC_STRINGS = YES;
				SWIFT_VERSION = 5.0;
			};
			name = Debug;
		};
		9725B406270285C6006A140B /* Release */ = {
			isa = XCBuildConfiguration;
			baseConfigurationReference = CAFE530D8D64024133133648 /* Pods-Subtitler.release.xcconfig */;
			buildSettings = {
				ASSETCATALOG_COMPILER_APPICON_NAME = AppIcon;
				ASSETCATALOG_COMPILER_GLOBAL_ACCENT_COLOR_NAME = AccentColor;
				CODE_SIGN_ENTITLEMENTS = Subtitler/Subtitler.entitlements;
				CODE_SIGN_STYLE = Automatic;
				COMBINE_HIDPI_IMAGES = YES;
				CURRENT_PROJECT_VERSION = 1;
				DEVELOPMENT_TEAM = 79RY8264V4;
				ENABLE_HARDENED_RUNTIME = YES;
				GENERATE_INFOPLIST_FILE = YES;
				INFOPLIST_KEY_NSHumanReadableCopyright = "";
				INFOPLIST_KEY_NSMainStoryboardFile = Main;
				INFOPLIST_KEY_NSPrincipalClass = NSApplication;
				LD_RUNPATH_SEARCH_PATHS = (
					"$(inherited)",
					"@executable_path/../Frameworks",
				);
				MARKETING_VERSION = 1.0;
				PRODUCT_BUNDLE_IDENTIFIER = me.syan.Subtitler;
				PRODUCT_NAME = "$(TARGET_NAME)";
				SWIFT_EMIT_LOC_STRINGS = YES;
				SWIFT_VERSION = 5.0;
			};
			name = Release;
		};
/* End XCBuildConfiguration section */

/* Begin XCConfigurationList section */
		9725B3F0270285C3006A140B /* Build configuration list for PBXProject "Subtitler" */ = {
			isa = XCConfigurationList;
			buildConfigurations = (
				9725B402270285C6006A140B /* Debug */,
				9725B403270285C6006A140B /* Release */,
			);
			defaultConfigurationIsVisible = 0;
			defaultConfigurationName = Release;
		};
		9725B404270285C6006A140B /* Build configuration list for PBXNativeTarget "Subtitler" */ = {
			isa = XCConfigurationList;
			buildConfigurations = (
				9725B405270285C6006A140B /* Debug */,
				9725B406270285C6006A140B /* Release */,
			);
			defaultConfigurationIsVisible = 0;
			defaultConfigurationName = Release;
		};
/* End XCConfigurationList section */
	};
	rootObject = 9725B3ED270285C3006A140B /* Project object */;
}
